
Microsoft Visual Studio Solution File, Format Version 12.00
# Visual Studio 15
VisualStudioVersion = 15.0.26730.16
MinimumVisualStudioVersion = 10.0.40219.1
Project("{8BC9CEB8-8B4A-11D0-8D11-00A0C91BC942}") = "AluminumDafaaRaiders", "AluminumDafaaRaiders\AluminumDafaaRaiders.vcxproj", "{D8EA9147-5069-4B51-80B6-CC4E65AE8C6D}"
EndProject
Global
	GlobalSection(SolutionConfigurationPlatforms) = preSolution
		Debug|x64 = Debug|x64
		Debug|x86 = Debug|x86
		Release|x64 = Release|x64
		Release|x86 = Release|x86
	EndGlobalSection
	GlobalSection(ProjectConfigurationPlatforms) = postSolution
		{D8EA9147-5069-4B51-80B6-CC4E65AE8C6D}.Debug|x64.ActiveCfg = Debug|x64
		{D8EA9147-5069-4B51-80B6-CC4E65AE8C6D}.Debug|x64.Build.0 = Debug|x64
		{D8EA9147-5069-4B51-80B6-CC4E65AE8C6D}.Debug|x86.ActiveCfg = Debug|Win32
		{D8EA9147-5069-4B51-80B6-CC4E65AE8C6D}.Debug|x86.Build.0 = Debug|Win32
		{D8EA9147-5069-4B51-80B6-CC4E65AE8C6D}.Release|x64.ActiveCfg = Release|x64
		{D8EA9147-5069-4B51-80B6-CC4E65AE8C6D}.Release|x64.Build.0 = Release|x64
		{D8EA9147-5069-4B51-80B6-CC4E65AE8C6D}.Release|x86.ActiveCfg = Release|Win32
		{D8EA9147-5069-4B51-80B6-CC4E65AE8C6D}.Release|x86.Build.0 = Release|Win32
	EndGlobalSection
	GlobalSection(SolutionProperties) = preSolution
		HideSolutionNode = FALSE
	EndGlobalSection
	GlobalSection(ExtensibilityGlobals) = postSolution
		SolutionGuid = {6EC3A41A-E84D-4C8B-91DF-3EA8F4385555}
	EndGlobalSection
EndGlobal
